{
  "name": "dagbench",
  "version": "1.0.0",
  "lockfileVersion": 1,
  "requires": true,
  "dependencies": {
    "@iota/bundle": {
      "version": "1.0.0-beta.8",
      "resolved": "https://registry.npmjs.org/@iota/bundle/-/bundle-1.0.0-beta.8.tgz",
      "integrity": "sha512-9P/ZSywDYko7emH+xmqzZ1nWQ8ZR10WQ+qKHCMKzU9bPJPtUIkxddlM/MlGrOaYq+9uAxeI3A9bjTlCasG1F1Q==",
      "requires": {
        "@iota/converter": "^1.0.0-beta.8",
        "@iota/kerl": "^1.0.0-beta.8",
        "@iota/pad": "^1.0.0-beta.8",
        "@iota/signing": "^1.0.0-beta.8"
      }
    },
    "@iota/bundle-validator": {
      "version": "1.0.0-beta.8",
      "resolved": "https://registry.npmjs.org/@iota/bundle-validator/-/bundle-validator-1.0.0-beta.8.tgz",
      "integrity": "sha512-f2CfwVYQD1OQnLn2YpANCrux3pMduN362lugSv2BInFpQCkRe3kCuEWRzj60bvz7wSV3Aw+uG5y+iYCvhbNv2g==",
      "requires": {
        "@iota/converter": "^1.0.0-beta.8",
        "@iota/kerl": "^1.0.0-beta.8",
        "@iota/signing": "^1.0.0-beta.8",
        "@iota/transaction": "^1.0.0-beta.8",
        "@iota/transaction-converter": "^1.0.0-beta.8"
      }
    },
    "@iota/checksum": {
      "version": "1.0.0-beta.8",
      "resolved": "https://registry.npmjs.org/@iota/checksum/-/checksum-1.0.0-beta.8.tgz",
      "integrity": "sha512-+FCYeYHN0r6/uf2qO5d1V0+HhAXNK6ppOUn/hxSW6ec4LwU4bEKGUbgJqvPqCMl6VM7nDddpWymi7z53IXPMmg==",
      "requires": {
        "@iota/converter": "^1.0.0-beta.8",
        "@iota/kerl": "^1.0.0-beta.8"
      }
    },
    "@iota/converter": {
      "version": "1.0.0-beta.8",
      "resolved": "https://registry.npmjs.org/@iota/converter/-/converter-1.0.0-beta.8.tgz",
      "integrity": "sha512-XRkHSpo2ryVLKhYKszQ99UdoBieH4P/4i8oryCTDcWh7YGYXlobFe24XvZcTm8l80e3QtzfMk6AWZQ8rTC2ejg=="
    },
    "@iota/core": {
      "version": "1.0.0-beta.8",
      "resolved": "https://registry.npmjs.org/@iota/core/-/core-1.0.0-beta.8.tgz",
      "integrity": "sha512-vFGt0O5giVz/K9lEoBpIZ6Vlh0uXeJpQJC1j81MDdBpR6YFyxFgYV2pNv/YP+Z0JbuAJBRd4l5499p5YjJQd8g==",
      "requires": {
        "@iota/bundle": "^1.0.0-beta.8",
        "@iota/bundle-validator": "^1.0.0-beta.8",
        "@iota/checksum": "^1.0.0-beta.8",
        "@iota/converter": "^1.0.0-beta.8",
        "@iota/curl": "^1.0.0-beta.8",
        "@iota/http-client": "^1.0.0-beta.8",
        "@iota/kerl": "^1.0.0-beta.8",
        "@iota/pad": "^1.0.0-beta.8",
        "@iota/signing": "^1.0.0-beta.8",
        "@iota/transaction": "^1.0.0-beta.8",
        "@iota/transaction-converter": "^1.0.0-beta.8",
        "@types/bluebird": "^3.5.25",
        "bluebird": "^3.5.1"
      }
    },
    "@iota/curl": {
      "version": "1.0.0-beta.8",
      "resolved": "https://registry.npmjs.org/@iota/curl/-/curl-1.0.0-beta.8.tgz",
      "integrity": "sha512-Vn4NzF64GSFcQObWB3FawGo5SMbX3A+mUJlyva0+ikVpjtXw+6265XnXYCHYzePggB2frhZVq50pYbhrtokYfQ=="
    },
    "@iota/extract-json": {
      "version": "1.0.0-beta.8",
      "resolved": "https://registry.npmjs.org/@iota/extract-json/-/extract-json-1.0.0-beta.8.tgz",
      "integrity": "sha512-GUvg7LAOjncUPeHPXWGm9d/zGXkEuhlgw1cqjTu9gabOB2SvwTlRG/KaOaLYV4dM8L881Us45MoGnJi3mr3xag==",
      "requires": {
        "@iota/converter": "^1.0.0-beta.8"
      }
    },
    "@iota/http-client": {
      "version": "1.0.0-beta.8",
      "resolved": "https://registry.npmjs.org/@iota/http-client/-/http-client-1.0.0-beta.8.tgz",
      "integrity": "sha512-SWWB/FXWzYjdIW5h/LA0TknlVgJ6Guy3iiPWP2hn29l3Qwf4fUMcBUtSRuFjTotS7GDbLSfHW6+bi7TvDQ9wWQ==",
      "requires": {
        "@types/bluebird": "^3.5.25",
        "bluebird": "^3.5.1",
        "cross-fetch": "^3.0.0"
      }
    },
    "@iota/kerl": {
      "version": "1.0.0-beta.8",
      "resolved": "https://registry.npmjs.org/@iota/kerl/-/kerl-1.0.0-beta.8.tgz",
      "integrity": "sha512-GAau2oQmqC4erx5m3r6etbveOXfu/HFZ/m0lIyAihZwBdXaZ4+nRsO/ItTFqGBB2fv6uRh79MYtYOr+42UuG3Q==",
      "requires": {
        "@types/crypto-js": "^3.1.38",
        "crypto-js": "^3.1.9-1"
      }
    },
    "@iota/pad": {
      "version": "1.0.0-beta.8",
      "resolved": "https://registry.npmjs.org/@iota/pad/-/pad-1.0.0-beta.8.tgz",
      "integrity": "sha512-INXGNATAmnNEruLbbCe13D73dhLZAu8kfckEKOCo+WjVNNdjPwGtIVxXPx7hhXhXHnFeSy6Tww96XSakILM3lw=="
    },
    "@iota/signing": {
      "version": "1.0.0-beta.8",
      "resolved": "https://registry.npmjs.org/@iota/signing/-/signing-1.0.0-beta.8.tgz",
      "integrity": "sha512-V2TfO2LiodiL/PQWvKYhZB05yTimetArq8iBymn6JeG06PRDNedahNlEVKS+8jiZblcgkE/HeNYDCeZ+s05jDg==",
      "requires": {
        "@iota/converter": "^1.0.0-beta.8",
        "@iota/kerl": "^1.0.0-beta.8",
        "@iota/pad": "^1.0.0-beta.8"
      }
    },
    "@iota/transaction": {
      "version": "1.0.0-beta.8",
      "resolved": "https://registry.npmjs.org/@iota/transaction/-/transaction-1.0.0-beta.8.tgz",
      "integrity": "sha512-S2TYRHUnLPuOBBtWm74I8v/t3SUCHkUPxnHauzWk85zt9ModVPixMi5EGfqVPK40k2IuEFSe9Vi8Rjx0BMOGCw==",
      "requires": {
        "@iota/converter": "^1.0.0-beta.8",
        "@iota/curl": "^1.0.0-beta.8"
      }
    },
    "@iota/transaction-converter": {
      "version": "1.0.0-beta.8",
      "resolved": "https://registry.npmjs.org/@iota/transaction-converter/-/transaction-converter-1.0.0-beta.8.tgz",
      "integrity": "sha512-SK+sNn4wda1AVY5tuxLBu1lUfxTkOsHgLj0CqyrArjvEQud1SJ8sE3y6kPOr3p9ZflSRbbtCXynqzUFNWucy3Q==",
      "requires": {
        "@iota/converter": "^1.0.0-beta.8",
        "@iota/pad": "^1.0.0-beta.8",
        "@iota/transaction": "^1.0.0-beta.8"
      }
    },
    "@types/bluebird": {
      "version": "3.5.25",
      "resolved": "https://registry.npmjs.org/@types/bluebird/-/bluebird-3.5.25.tgz",
      "integrity": "sha512-yfhIBix+AIFTmYGtkC0Bi+XGjSkOINykqKvO/Wqdz/DuXlAKK7HmhLAXdPIGsV4xzKcL3ev/zYc4yLNo+OvGaw=="
    },
    "@types/crypto-js": {
      "version": "3.1.43",
      "resolved": "https://registry.npmjs.org/@types/crypto-js/-/crypto-js-3.1.43.tgz",
      "integrity": "sha512-EHe/YKctU3IYNBsDmSOPX/7jLHPRlx8WaiDKSY9JCTnJ8XJeM4c0ZJvx+9Gxmr2s2ihI92R+3U/gNL1sq5oRuQ=="
    },
    "bluebird": {
      "version": "3.5.3",
      "resolved": "https://registry.npmjs.org/bluebird/-/bluebird-3.5.3.tgz",
      "integrity": "sha512-/qKPUQlaW1OyR51WeCPBvRnAlnZFUJkCSG5HzGnuIqhgyJtF+T94lFnn33eiazjRm2LAHVy2guNnaq48X9SJuw=="
    },
    "cross-fetch": {
      "version": "3.0.0",
      "resolved": "https://registry.npmjs.org/cross-fetch/-/cross-fetch-3.0.0.tgz",
      "integrity": "sha512-P8HyKlMwT1ed9LqEWlJu+zfcxfn0KI4Nl4nxyvu1a8sg4vgtHdwhElZOgSNzoar44zQMdliZcve4QG/04AUi9Q==",
      "requires": {
        "node-fetch": "2.3.0",
        "whatwg-fetch": "3.0.0"
      }
    },
    "crypto-js": {
      "version": "3.1.9-1",
      "resolved": "https://registry.npmjs.org/crypto-js/-/crypto-js-3.1.9-1.tgz",
      "integrity": "sha1-/aGedh/Ad+Af+/3G6f38WeiAbNg="
    },
    "csv-writer": {
      "version": "1.2.0",
      "resolved": "https://registry.npmjs.org/csv-writer/-/csv-writer-1.2.0.tgz",
      "integrity": "sha512-ZU7eZ26y7oIOXwFHhTNnT/tF6RXMdQnuTGofzNTe1cvXacZm3Ixd7Oa9mOp2f1t39Ezfzg0h5tqfOjXM180BOg=="
    },
    "node-fetch": {
      "version": "2.3.0",
      "resolved": "https://registry.npmjs.org/node-fetch/-/node-fetch-2.3.0.tgz",
      "integrity": "sha512-MOd8pV3fxENbryESLgVIeaGKrdl+uaYhCSSVkjeOb/31/njTpcis5aWfdqgNlHIrKOLRbMnfPINPOML2CIFeXA=="
    },
    "whatwg-fetch": {
      "version": "3.0.0",
      "resolved": "https://registry.npmjs.org/whatwg-fetch/-/whatwg-fetch-3.0.0.tgz",
      "integrity": "sha512-9GSJUgz1D4MfyKU7KRqwOjXCXTqWdFNvEr7eUBYchQiVc744mqK/MzXPNR2WsPkmkOa4ywfg8C2n8h+13Bey1Q=="
    }
  }
}
